PODS:
  - SnapKit (4.2.0)
  - Zench (0.4.1)

DEPENDENCIES:
  - SnapKit
  - Zench (from `https://github.com/jessehao/Zench.git`)

SPEC REPOS:
  https://github.com/cocoapods/specs.git:
    - SnapKit

EXTERNAL SOURCES:
  Zench:
    :git: https://github.com/jessehao/Zench.git

CHECKOUT OPTIONS:
  Zench:
    :commit: 671865d2e480effa6175bcf35b18497eac6b22c2
    :git: https://github.com/jessehao/Zench.git

SPEC CHECKSUMS:
  SnapKit: fe8a619752f3f27075cc9a90244d75c6c3f27e2a
  Zench: b5247aa5d5ffa9d892172249be4e52fa0d9eee78

PODFILE CHECKSUM: fed3088668a83416c258df825f1b3732e7b9f1c6

COCOAPODS: 1.6.0
