// !$*UTF8*$!
{
	archiveVersion = 1;
	classes = {
	};
	objectVersion = 50;
	objects = {

/* Begin PBXBuildFile section */
		A9F2E9C2A3F57C02BE6C1024 /* Pods_Example.framework in Frameworks */ = {isa = PBXBuildFile; fileRef = FD6B83741D29C54AFAA7D7B3 /* Pods_Example.framework */; };
		F6399C72221E595E00D2FF9D /* AppDelegate.swift in Sources */ = {isa = PBXBuildFile; fileRef = F6399C71221E595E00D2FF9D /* AppDelegate.swift */; };
		F6399C74221E595E00D2FF9D /* ViewController.swift in Sources */ = {isa = PBXBuildFile; fileRef = F6399C73221E595E00D2FF9D /* ViewController.swift */; };
		F6399C79221E596000D2FF9D /* Assets.xcassets in Resources */ = {isa = PBXBuildFile; fileRef = F6399C78221E596000D2FF9D /* Assets.xcassets */; };
		F6399C7C221E596000D2FF9D /* LaunchScreen.storyboard in Resources */ = {isa = PBXBuildFile; fileRef = F6399C7A221E596000D2FF9D /* LaunchScreen.storyboard */; };
		F6399C87221E596000D2FF9D /* ExampleTests.swift in Sources */ = {isa = PBXBuildFile; fileRef = F6399C86221E596000D2FF9D /* ExampleTests.swift */; };
		F6399C92221E596000D2FF9D /* ExampleUITests.swift in Sources */ = {isa = PBXBuildFile; fileRef = F6399C91221E596000D2FF9D /* ExampleUITests.swift */; };
		F6399CA7221E5C0200D2FF9D /* Terrace.framework in Frameworks */ = {isa = PBXBuildFile; fileRef = F6399CA6221E5C0200D2FF9D /* Terrace.framework */; };
		F6399CA8221E5C0200D2FF9D /* Terrace.framework in Embed Frameworks */ = {isa = PBXBuildFile; fileRef = F6399CA6221E5C0200D2FF9D /* Terrace.framework */; settings = {ATTRIBUTES = (CodeSignOnCopy, RemoveHeadersOnCopy, ); }; };
/* End PBXBuildFile section */

/* Begin PBXContainerItemProxy section */
		F6399C83221E596000D2FF9D /* PBXContainerItemProxy */ = {
			isa = PBXContainerItemProxy;
			containerPortal = F6399C66221E595E00D2FF9D /* Project object */;
			proxyType = 1;
			remoteGlobalIDString = F6399C6D221E595E00D2FF9D;
			remoteInfo = Example;
		};
		F6399C8E221E596000D2FF9D /* PBXContainerItemProxy */ = {
			isa = PBXContainerItemProxy;
			containerPortal = F6399C66221E595E00D2FF9D /* Project object */;
			proxyType = 1;
			remoteGlobalIDString = F6399C6D221E595E00D2FF9D;
			remoteInfo = Example;
		};
/* End PBXContainerItemProxy section */

/* Begin PBXCopyFilesBuildPhase section */
		F6399CA5221E5BBA00D2FF9D /* Embed Frameworks */ = {
			isa = PBXCopyFilesBuildPhase;
			buildActionMask = 2147483647;
			dstPath = "";
			dstSubfolderSpec = 10;
			files = (
				F6399CA8221E5C0200D2FF9D /* Terrace.framework in Embed Frameworks */,
			);
			name = "Embed Frameworks";
			runOnlyForDeploymentPostprocessing = 0;
		};
/* End PBXCopyFilesBuildPhase section */

/* Begin PBXFileReference section */
		81CD62A9BCA51F898E3CCC8C /* Pods-Example.debug.xcconfig */ = {isa = PBXFileReference; includeInIndex = 1; lastKnownFileType = text.xcconfig; name = "Pods-Example.debug.xcconfig"; path = "Target Support Files/Pods-Example/Pods-Example.debug.xcconfig"; sourceTree = "<group>"; };
		F6399C6E221E595E00D2FF9D /* Example.app */ = {isa = PBXFileReference; explicitFileType = wrapper.application; includeInIndex = 0; path = Example.app; sourceTree = BUILT_PRODUCTS_DIR; };
		F6399C71221E595E00D2FF9D /* AppDelegate.swift */ = {isa = PBXFileReference; lastKnownFileType = sourcecode.swift; path = AppDelegate.swift; sourceTree = "<group>"; };
		F6399C73221E595E00D2FF9D /* ViewController.swift */ = {isa = PBXFileReference; lastKnownFileType = sourcecode.swift; path = ViewController.swift; sourceTree = "<group>"; };
		F6399C78221E596000D2FF9D /* Assets.xcassets */ = {isa = PBXFileReference; lastKnownFileType = folder.assetcatalog; path = Assets.xcassets; sourceTree = "<group>"; };
		F6399C7B221E596000D2FF9D /* Base */ = {isa = PBXFileReference; lastKnownFileType = file.storyboard; name = Base; path = Base.lproj/LaunchScreen.storyboard; sourceTree = "<group>"; };
		F6399C7D221E596000D2FF9D /* Info.plist */ = {isa = PBXFileReference; lastKnownFileType = text.plist.xml; path = Info.plist; sourceTree = "<group>"; };
		F6399C82221E596000D2FF9D /* ExampleTests.xctest */ = {isa = PBXFileReference; explicitFileType = wrapper.cfbundle; includeInIndex = 0; path = ExampleTests.xctest; sourceTree = BUILT_PRODUCTS_DIR; };
		F6399C86221E596000D2FF9D /* ExampleTests.swift */ = {isa = PBXFileReference; lastKnownFileType = sourcecode.swift; path = ExampleTests.swift; sourceTree = "<group>"; };
		F6399C88221E596000D2FF9D /* Info.plist */ = {isa = PBXFileReference; lastKnownFileType = text.plist.xml; path = Info.plist; sourceTree = "<group>"; };
		F6399C8D221E596000D2FF9D /* ExampleUITests.xctest */ = {isa = PBXFileReference; explicitFileType = wrapper.cfbundle; includeInIndex = 0; path = ExampleUITests.xctest; sourceTree = BUILT_PRODUCTS_DIR; };
		F6399C91221E596000D2FF9D /* ExampleUITests.swift */ = {isa = PBXFileReference; lastKnownFileType = sourcecode.swift; path = ExampleUITests.swift; sourceTree = "<group>"; };
		F6399C93221E596000D2FF9D /* Info.plist */ = {isa = PBXFileReference; lastKnownFileType = text.plist.xml; path = Info.plist; sourceTree = "<group>"; };
		F6399CA6221E5C0200D2FF9D /* Terrace.framework */ = {isa = PBXFileReference; explicitFileType = wrapper.framework; path = Terrace.framework; sourceTree = BUILT_PRODUCTS_DIR; };
		FB97B197A7E6F2A3CCBE5A03 /* Pods-Example.release.xcconfig */ = {isa = PBXFileReference; includeInIndex = 1; lastKnownFileType = text.xcconfig; name = "Pods-Example.release.xcconfig"; path = "Target Support Files/Pods-Example/Pods-Example.release.xcconfig"; sourceTree = "<group>"; };
		FD6B83741D29C54AFAA7D7B3 /* Pods_Example.framework */ = {isa = PBXFileReference; explicitFileType = wrapper.framework; includeInIndex = 0; path = Pods_Example.framework; sourceTree = BUILT_PRODUCTS_DIR; };
/* End PBXFileReference section */

/* Begin PBXFrameworksBuildPhase section */
		F6399C6B221E595E00D2FF9D /* Frameworks */ = {
			isa = PBXFrameworksBuildPhase;
			buildActionMask = 2147483647;
			files = (
				F6399CA7221E5C0200D2FF9D /* Terrace.framework in Frameworks */,
				A9F2E9C2A3F57C02BE6C1024 /* Pods_Example.framework in Frameworks */,
			);
			runOnlyForDeploymentPostprocessing = 0;
		};
		F6399C7F221E596000D2FF9D /* Frameworks */ = {
			isa = PBXFrameworksBuildPhase;
			buildActionMask = 2147483647;
			files = (
			);
			runOnlyForDeploymentPostprocessing = 0;
		};
		F6399C8A221E596000D2FF9D /* Frameworks */ = {
			isa = PBXFrameworksBuildPhase;
			buildActionMask = 2147483647;
			files = (
			);
			runOnlyForDeploymentPostprocessing = 0;
		};
/* End PBXFrameworksBuildPhase section */

/* Begin PBXGroup section */
		44C9E3415651B505A7B2DBB2 /* Frameworks */ = {
			isa = PBXGroup;
			children = (
				FD6B83741D29C54AFAA7D7B3 /* Pods_Example.framework */,
			);
			name = Frameworks;
			sourceTree = "<group>";
		};
		E1D94C67EA9A8B62375AFDF3 /* Pods */ = {
			isa = PBXGroup;
			children = (
				81CD62A9BCA51F898E3CCC8C /* Pods-Example.debug.xcconfig */,
				FB97B197A7E6F2A3CCBE5A03 /* Pods-Example.release.xcconfig */,
			);
			path = Pods;
			sourceTree = "<group>";
		};
		F6399C65221E595E00D2FF9D = {
			isa = PBXGroup;
			children = (
				F6399CA6221E5C0200D2FF9D /* Terrace.framework */,
				F6399C70221E595E00D2FF9D /* Example */,
				F6399C85221E596000D2FF9D /* ExampleTests */,
				F6399C90221E596000D2FF9D /* ExampleUITests */,
				F6399C6F221E595E00D2FF9D /* Products */,
				E1D94C67EA9A8B62375AFDF3 /* Pods */,
				44C9E3415651B505A7B2DBB2 /* Frameworks */,
			);
			sourceTree = "<group>";
		};
		F6399C6F221E595E00D2FF9D /* Products */ = {
			isa = PBXGroup;
			children = (
				F6399C6E221E595E00D2FF9D /* Example.app */,
				F6399C82221E596000D2FF9D /* ExampleTests.xctest */,
				F6399C8D221E596000D2FF9D /* ExampleUITests.xctest */,
			);
			name = Products;
			sourceTree = "<group>";
		};
		F6399C70221E595E00D2FF9D /* Example */ = {
			isa = PBXGroup;
			children = (
				F6399C71221E595E00D2FF9D /* AppDelegate.swift */,
				F6399C73221E595E00D2FF9D /* ViewController.swift */,
				F6399C78221E596000D2FF9D /* Assets.xcassets */,
				F6399C7A221E596000D2FF9D /* LaunchScreen.storyboard */,
				F6399C7D221E596000D2FF9D /* Info.plist */,
			);
			path = Example;
			sourceTree = "<group>";
		};
		F6399C85221E596000D2FF9D /* ExampleTests */ = {
			isa = PBXGroup;
			children = (
				F6399C86221E596000D2FF9D /* ExampleTests.swift */,
				F6399C88221E596000D2FF9D /* Info.plist */,
			);
			path = ExampleTests;
			sourceTree = "<group>";
		};
		F6399C90221E596000D2FF9D /* ExampleUITests */ = {
			isa = PBXGroup;
			children = (
				F6399C91221E596000D2FF9D /* ExampleUITests.swift */,
				F6399C93221E596000D2FF9D /* Info.plist */,
			);
			path = ExampleUITests;
			sourceTree = "<group>";
		};
/* End PBXGroup section */

/* Begin PBXNativeTarget section */
		F6399C6D221E595E00D2FF9D /* Example */ = {
			isa = PBXNativeTarget;
			buildConfigurationList = F6399C96221E596000D2FF9D /* Build configuration list for PBXNativeTarget "Example" */;
			buildPhases = (
				A15F7AE80F33945B6E48E3C6 /* [CP] Check Pods Manifest.lock */,
				F6399C6A221E595E00D2FF9D /* Sources */,
				F6399C6B221E595E00D2FF9D /* Frameworks */,
				F6399C6C221E595E00D2FF9D /* Resources */,
				F6399CA5221E5BBA00D2FF9D /* Embed Frameworks */,
				96CFA3882B599E9E4198D16D /* [CP] Embed Pods Frameworks */,
			);
			buildRules = (
			);
			dependencies = (
			);
			name = Example;
			productName = Example;
			productReference = F6399C6E221E595E00D2FF9D /* Example.app */;
			productType = "com.apple.product-type.application";
		};
		F6399C81221E596000D2FF9D /* ExampleTests */ = {
			isa = PBXNativeTarget;
			buildConfigurationList = F6399C99221E596000D2FF9D /* Build configuration list for PBXNativeTarget "ExampleTests" */;
			buildPhases = (
				F6399C7E221E596000D2FF9D /* Sources */,
				F6399C7F221E596000D2FF9D /* Frameworks */,
				F6399C80221E596000D2FF9D /* Resources */,
			);
			buildRules = (
			);
			dependencies = (
				F6399C84221E596000D2FF9D /* PBXTargetDependency */,
			);
			name = ExampleTests;
			productName = ExampleTests;
			productReference = F6399C82221E596000D2FF9D /* ExampleTests.xctest */;
			productType = "com.apple.product-type.bundle.unit-test";
		};
		F6399C8C221E596000D2FF9D /* ExampleUITests */ = {
			isa = PBXNativeTarget;
			buildConfigurationList = F6399C9C221E596000D2FF9D /* Build configuration list for PBXNativeTarget "ExampleUITests" */;
			buildPhases = (
				F6399C89221E596000D2FF9D /* Sources */,
				F6399C8A221E596000D2FF9D /* Frameworks */,
				F6399C8B221E596000D2FF9D /* Resources */,
			);
			buildRules = (
			);
			dependencies = (
				F6399C8F221E596000D2FF9D /* PBXTargetDependency */,
			);
			name = ExampleUITests;
			productName = ExampleUITests;
			productReference = F6399C8D221E596000D2FF9D /* ExampleUITests.xctest */;
			productType = "com.apple.product-type.bundle.ui-testing";
		};
/* End PBXNativeTarget section */

/* Begin PBXProject section */
		F6399C66221E595E00D2FF9D /* Project object */ = {
			isa = PBXProject;
			attributes = {
				LastSwiftUpdateCheck = 1010;
				LastUpgradeCheck = 1010;
				ORGANIZATIONNAME = Snoware;
				TargetAttributes = {
					F6399C6D221E595E00D2FF9D = {
						CreatedOnToolsVersion = 10.1;
					};
					F6399C81221E596000D2FF9D = {
						CreatedOnToolsVersion = 10.1;
						TestTargetID = F6399C6D221E595E00D2FF9D;
					};
					F6399C8C221E596000D2FF9D = {
						CreatedOnToolsVersion = 10.1;
						TestTargetID = F6399C6D221E595E00D2FF9D;
					};
				};
			};
			buildConfigurationList = F6399C69221E595E00D2FF9D /* Build configuration list for PBXProject "Example" */;
			compatibilityVersion = "Xcode 9.3";
			developmentRegion = en;
			hasScannedForEncodings = 0;
			knownRegions = (
				en,
				Base,
			);
			mainGroup = F6399C65221E595E00D2FF9D;
			productRefGroup = F6399C6F221E595E00D2FF9D /* Products */;
			projectDirPath = "";
			projectRoot = "";
			targets = (
				F6399C6D221E595E00D2FF9D /* Example */,
				F6399C81221E596000D2FF9D /* ExampleTests */,
				F6399C8C221E596000D2FF9D /* ExampleUITests */,
			);
		};
/* End PBXProject section */

/* Begin PBXResourcesBuildPhase section */
		F6399C6C221E595E00D2FF9D /* Resources */ = {
			isa = PBXResourcesBuildPhase;
			buildActionMask = 2147483647;
			files = (
				F6399C7C221E596000D2FF9D /* LaunchScreen.storyboard in Resources */,
				F6399C79221E596000D2FF9D /* Assets.xcassets in Resources */,
			);
			runOnlyForDeploymentPostprocessing = 0;
		};
		F6399C80221E596000D2FF9D /* Resources */ = {
			isa = PBXResourcesBuildPhase;
			buildActionMask = 2147483647;
			files = (
			);
			runOnlyForDeploymentPostprocessing = 0;
		};
		F6399C8B221E596000D2FF9D /* Resources */ = {
			isa = PBXResourcesBuildPhase;
			buildActionMask = 2147483647;
			files = (
			);
			runOnlyForDeploymentPostprocessing = 0;
		};
/* End PBXResourcesBuildPhase section */

/* Begin PBXShellScriptBuildPhase section */
		96CFA3882B599E9E4198D16D /* [CP] Embed Pods Frameworks */ = {
			isa = PBXShellScriptBuildPhase;
			buildActionMask = 2147483647;
			files = (
			);
			inputFileListPaths = (
			);
			inputPaths = (
				"${PODS_ROOT}/Target Support Files/Pods-Example/Pods-Example-frameworks.sh",
				"${BUILT_PRODUCTS_DIR}/SnapKit/SnapKit.framework",
				"${BUILT_PRODUCTS_DIR}/Zench/Zench.framework",
			);
			name = "[CP] Embed Pods Frameworks";
			outputFileListPaths = (
			);
			outputPaths = (
				"${TARGET_BUILD_DIR}/${FRAMEWORKS_FOLDER_PATH}/SnapKit.framework",
				"${TARGET_BUILD_DIR}/${FRAMEWORKS_FOLDER_PATH}/Zench.framework",
			);
			runOnlyForDeploymentPostprocessing = 0;
			shellPath = /bin/sh;
			shellScript = "\"${PODS_ROOT}/Target Support Files/Pods-Example/Pods-Example-frameworks.sh\"\n";
			showEnvVarsInLog = 0;
		};
		A15F7AE80F33945B6E48E3C6 /* [CP] Check Pods Manifest.lock */ = {
			isa = PBXShellScriptBuildPhase;
			buildActionMask = 2147483647;
			files = (
			);
			inputFileListPaths = (
			);
			inputPaths = (
				"${PODS_PODFILE_DIR_PATH}/Podfile.lock",
				"${PODS_ROOT}/Manifest.lock",
			);
			name = "[CP] Check Pods Manifest.lock";
			outputFileListPaths = (
			);
			outputPaths = (
				"$(DERIVED_FILE_DIR)/Pods-Example-checkManifestLockResult.txt",
			);
			runOnlyForDeploymentPostprocessing = 0;
			shellPath = /bin/sh;
			shellScript = "diff \"${PODS_PODFILE_DIR_PATH}/Podfile.lock\" \"${PODS_ROOT}/Manifest.lock\" > /dev/null\nif [ $? != 0 ] ; then\n    # print error to STDERR\n    echo \"error: The sandbox is not in sync with the Podfile.lock. Run 'pod install' or update your CocoaPods installation.\" >&2\n    exit 1\nfi\n# This output is used by Xcode 'outputs' to avoid re-running this script phase.\necho \"SUCCESS\" > \"${SCRIPT_OUTPUT_FILE_0}\"\n";
			showEnvVarsInLog = 0;
		};
/* End PBXShellScriptBuildPhase section */

/* Begin PBXSourcesBuildPhase section */
		F6399C6A221E595E00D2FF9D /* Sources */ = {
			isa = PBXSourcesBuildPhase;
			buildActionMask = 2147483647;
			files = (
				F6399C74221E595E00D2FF9D /* ViewController.swift in Sources */,
				F6399C72221E595E00D2FF9D /* AppDelegate.swift in Sources */,
			);
			runOnlyForDeploymentPostprocessing = 0;
		};
		F6399C7E221E596000D2FF9D /* Sources */ = {
			isa = PBXSourcesBuildPhase;
			buildActionMask = 2147483647;
			files = (
				F6399C87221E596000D2FF9D /* ExampleTests.swift in Sources */,
			);
			runOnlyForDeploymentPostprocessing = 0;
		};
		F6399C89221E596000D2FF9D /* Sources */ = {
			isa = PBXSourcesBuildPhase;
			buildActionMask = 2147483647;
			files = (
				F6399C92221E596000D2FF9D /* ExampleUITests.swift in Sources */,
			);
			runOnlyForDeploymentPostprocessing = 0;
		};
/* End PBXSourcesBuildPhase section */

/* Begin PBXTargetDependency section */
		F6399C84221E596000D2FF9D /* PBXTargetDependency */ = {
			isa = PBXTargetDependency;
			target = F6399C6D221E595E00D2FF9D /* Example */;
			targetProxy = F6399C83221E596000D2FF9D /* PBXContainerItemProxy */;
		};
		F6399C8F221E596000D2FF9D /* PBXTargetDependency */ = {
			isa = PBXTargetDependency;
			target = F6399C6D221E595E00D2FF9D /* Example */;
			targetProxy = F6399C8E221E596000D2FF9D /* PBXContainerItemProxy */;
		};
/* End PBXTargetDependency section */

/* Begin PBXVariantGroup section */
		F6399C7A221E596000D2FF9D /* LaunchScreen.storyboard */ = {
			isa = PBXVariantGroup;
			children = (
				F6399C7B221E596000D2FF9D /* Base */,
			);
			name = LaunchScreen.storyboard;
			sourceTree = "<group>";
		};
/* End PBXVariantGroup section */

/* Begin XCBuildConfiguration section */
		F6399C94221E596000D2FF9D /* Debug */ = {
			isa = XCBuildConfiguration;
			buildSettings = {
				ALWAYS_SEARCH_USER_PATHS = NO;
				CLANG_ANALYZER_NONNULL = YES;
				CLANG_ANALYZER_NUMBER_OBJECT_CONVERSION = YES_AGGRESSIVE;
				CLANG_CXX_LANGUAGE_STANDARD = "gnu++14";
				CLANG_CXX_LIBRARY = "libc++";
				CLANG_ENABLE_MODULES = YES;
				CLANG_ENABLE_OBJC_ARC = YES;
				CLANG_ENABLE_OBJC_WEAK = YES;
				CLANG_WARN_BLOCK_CAPTURE_AUTORELEASING = YES;
				CLANG_WARN_BOOL_CONVERSION = YES;
				CLANG_WARN_COMMA = YES;
				CLANG_WARN_CONSTANT_CONVERSION = YES;
				CLANG_WARN_DEPRECATED_OBJC_IMPLEMENTATIONS = YES;
				CLANG_WARN_DIRECT_OBJC_ISA_USAGE = YES_ERROR;
				CLANG_WARN_DOCUMENTATION_COMMENTS = YES;
				CLANG_WARN_EMPTY_BODY = YES;
				CLANG_WARN_ENUM_CONVERSION = YES;
				CLANG_WARN_INFINITE_RECURSION = YES;
				CLANG_WARN_INT_CONVERSION = YES;
				CLANG_WARN_NON_LITERAL_NULL_CONVERSION = YES;
				CLANG_WARN_OBJC_IMPLICIT_RETAIN_SELF = YES;
				CLANG_WARN_OBJC_LITERAL_CONVERSION = YES;
				CLANG_WARN_OBJC_ROOT_CLASS = YES_ERROR;
				CLANG_WARN_RANGE_LOOP_ANALYSIS = YES;
				CLANG_WARN_STRICT_PROTOTYPES = YES;
				CLANG_WARN_SUSPICIOUS_MOVE = YES;
				CLANG_WARN_UNGUARDED_AVAILABILITY = YES_AGGRESSIVE;
				CLANG_WARN_UNREACHABLE_CODE = YES;
				CLANG_WARN__DUPLICATE_METHOD_MATCH = YES;
				CODE_SIGN_IDENTITY = "iPhone Developer";
				COPY_PHASE_STRIP = NO;
				DEBUG_INFORMATION_FORMAT = dwarf;
				ENABLE_STRICT_OBJC_MSGSEND = YES;
				ENABLE_TESTABILITY = YES;
				GCC_C_LANGUAGE_STANDARD = gnu11;
				GCC_DYNAMIC_NO_PIC = NO;
				GCC_NO_COMMON_BLOCKS = YES;
				GCC_OPTIMIZATION_LEVEL = 0;
				GCC_PREPROCESSOR_DEFINITIONS = (
					"DEBUG=1",
					"$(inherited)",
				);
				GCC_WARN_64_TO_32_BIT_CONVERSION = YES;
				GCC_WARN_ABOUT_RETURN_TYPE = YES_ERROR;
				GCC_WARN_UNDECLARED_SELECTOR = YES;
				GCC_WARN_UNINITIALIZED_AUTOS = YES_AGGRESSIVE;
				GCC_WARN_UNUSED_FUNCTION = YES;
				GCC_WARN_UNUSED_VARIABLE = YES;
				IPHONEOS_DEPLOYMENT_TARGET = 12.1;
				MTL_ENABLE_DEBUG_INFO = INCLUDE_SOURCE;
				MTL_FAST_MATH = YES;
				ONLY_ACTIVE_ARCH = YES;
				SDKROOT = iphoneos;
				SWIFT_ACTIVE_COMPILATION_CONDITIONS = DEBUG;
				SWIFT_OPTIMIZATION_LEVEL = "-Onone";
			};
			name = Debug;
		};
		F6399C95221E596000D2FF9D /* Release */ = {
			isa = XCBuildConfiguration;
			buildSettings = {
				ALWAYS_SEARCH_USER_PATHS = NO;
				CLANG_ANALYZER_NONNULL = YES;
				CLANG_ANALYZER_NUMBER_OBJECT_CONVERSION = YES_AGGRESSIVE;
				CLANG_CXX_LANGUAGE_STANDARD = "gnu++14";
				CLANG_CXX_LIBRARY = "libc++";
				CLANG_ENABLE_MODULES = YES;
				CLANG_ENABLE_OBJC_ARC = YES;
				CLANG_ENABLE_OBJC_WEAK = YES;
				CLANG_WARN_BLOCK_CAPTURE_AUTORELEASING = YES;
				CLANG_WARN_BOOL_CONVERSION = YES;
				CLANG_WARN_COMMA = YES;
				CLANG_WARN_CONSTANT_CONVERSION = YES;
				CLANG_WARN_DEPRECATED_OBJC_IMPLEMENTATIONS = YES;
				CLANG_WARN_DIRECT_OBJC_ISA_USAGE = YES_ERROR;
				CLANG_WARN_DOCUMENTATION_COMMENTS = YES;
				CLANG_WARN_EMPTY_BODY = YES;
				CLANG_WARN_ENUM_CONVERSION = YES;
				CLANG_WARN_INFINITE_RECURSION = YES;
				CLANG_WARN_INT_CONVERSION = YES;
				CLANG_WARN_NON_LITERAL_NULL_CONVERSION = YES;
				CLANG_WARN_OBJC_IMPLICIT_RETAIN_SELF = YES;
				CLANG_WARN_OBJC_LITERAL_CONVERSION = YES;
				CLANG_WARN_OBJC_ROOT_CLASS = YES_ERROR;
				CLANG_WARN_RANGE_LOOP_ANALYSIS = YES;
				CLANG_WARN_STRICT_PROTOTYPES = YES;
				CLANG_WARN_SUSPICIOUS_MOVE = YES;
				CLANG_WARN_UNGUARDED_AVAILABILITY = YES_AGGRESSIVE;
				CLANG_WARN_UNREACHABLE_CODE = YES;
				CLANG_WARN__DUPLICATE_METHOD_MATCH = YES;
				CODE_SIGN_IDENTITY = "iPhone Developer";
				COPY_PHASE_STRIP = NO;
				DEBUG_INFORMATION_FORMAT = "dwarf-with-dsym";
				ENABLE_NS_ASSERTIONS = NO;
				ENABLE_STRICT_OBJC_MSGSEND = YES;
				GCC_C_LANGUAGE_STANDARD = gnu11;
				GCC_NO_COMMON_BLOCKS = YES;
				GCC_WARN_64_TO_32_BIT_CONVERSION = YES;
				GCC_WARN_ABOUT_RETURN_TYPE = YES_ERROR;
				GCC_WARN_UNDECLARED_SELECTOR = YES;
				GCC_WARN_UNINITIALIZED_AUTOS = YES_AGGRESSIVE;
				GCC_WARN_UNUSED_FUNCTION = YES;
				GCC_WARN_UNUSED_VARIABLE = YES;
				IPHONEOS_DEPLOYMENT_TARGET = 12.1;
				MTL_ENABLE_DEBUG_INFO = NO;
				MTL_FAST_MATH = YES;
				SDKROOT = iphoneos;
				SWIFT_COMPILATION_MODE = wholemodule;
				SWIFT_OPTIMIZATION_LEVEL = "-O";
				VALIDATE_PRODUCT = YES;
			};
			name = Release;
		};
		F6399C97221E596000D2FF9D /* Debug */ = {
			isa = XCBuildConfiguration;
			baseConfigurationReference = 81CD62A9BCA51F898E3CCC8C /* Pods-Example.debug.xcconfig */;
			buildSettings = {
				ASSETCATALOG_COMPILER_APPICON_NAME = AppIcon;
				CODE_SIGN_STYLE = Automatic;
				INFOPLIST_FILE = Example/Info.plist;
				IPHONEOS_DEPLOYMENT_TARGET = 9.0;
				LD_RUNPATH_SEARCH_PATHS = (
					"$(inherited)",
					"@executable_path/Frameworks",
				);
				PRODUCT_BUNDLE_IDENTIFIER = com.snoware.terrace.Example;
				PRODUCT_NAME = "$(TARGET_NAME)";
				SWIFT_VERSION = 4.2;
				TARGETED_DEVICE_FAMILY = "1,2";
			};
			name = Debug;
		};
		F6399C98221E596000D2FF9D /* Release */ = {
			isa = XCBuildConfiguration;
			baseConfigurationReference = FB97B197A7E6F2A3CCBE5A03 /* Pods-Example.release.xcconfig */;
			buildSettings = {
				ASSETCATALOG_COMPILER_APPICON_NAME = AppIcon;
				CODE_SIGN_STYLE = Automatic;
				INFOPLIST_FILE = Example/Info.plist;
				IPHONEOS_DEPLOYMENT_TARGET = 9.0;
				LD_RUNPATH_SEARCH_PATHS = (
					"$(inherited)",
					"@executable_path/Frameworks",
				);
				PRODUCT_BUNDLE_IDENTIFIER = com.snoware.terrace.Example;
				PRODUCT_NAME = "$(TARGET_NAME)";
				SWIFT_VERSION = 4.2;
				TARGETED_DEVICE_FAMILY = "1,2";
			};
			name = Release;
		};
		F6399C9A221E596000D2FF9D /* Debug */ = {
			isa = XCBuildConfiguration;
			buildSettings = {
				ALWAYS_EMBED_SWIFT_STANDARD_LIBRARIES = YES;
				BUNDLE_LOADER = "$(TEST_HOST)";
				CODE_SIGN_STYLE = Automatic;
				INFOPLIST_FILE = ExampleTests/Info.plist;
				LD_RUNPATH_SEARCH_PATHS = (
					"$(inherited)",
					"@executable_path/Frameworks",
					"@loader_path/Frameworks",
				);
				PRODUCT_BUNDLE_IDENTIFIER = com.snoware.terrace.ExampleTests;
				PRODUCT_NAME = "$(TARGET_NAME)";
				SWIFT_VERSION = 4.2;
				TARGETED_DEVICE_FAMILY = "1,2";
				TEST_HOST = "$(BUILT_PRODUCTS_DIR)/Example.app/Example";
			};
			name = Debug;
		};
		F6399C9B221E596000D2FF9D /* Release */ = {
			isa = XCBuildConfiguration;
			buildSettings = {
				ALWAYS_EMBED_SWIFT_STANDARD_LIBRARIES = YES;
				BUNDLE_LOADER = "$(TEST_HOST)";
				CODE_SIGN_STYLE = Automatic;
				INFOPLIST_FILE = ExampleTests/Info.plist;
				LD_RUNPATH_SEARCH_PATHS = (
					"$(inherited)",
					"@executable_path/Frameworks",
					"@loader_path/Frameworks",
				);
				PRODUCT_BUNDLE_IDENTIFIER = com.snoware.terrace.ExampleTests;
				PRODUCT_NAME = "$(TARGET_NAME)";
				SWIFT_VERSION = 4.2;
				TARGETED_DEVICE_FAMILY = "1,2";
				TEST_HOST = "$(BUILT_PRODUCTS_DIR)/Example.app/Example";
			};
			name = Release;
		};
		F6399C9D221E596000D2FF9D /* Debug */ = {
			isa = XCBuildConfiguration;
			buildSettings = {
				ALWAYS_EMBED_SWIFT_STANDARD_LIBRARIES = YES;
				CODE_SIGN_STYLE = Automatic;
				INFOPLIST_FILE = ExampleUITests/Info.plist;
				LD_RUNPATH_SEARCH_PATHS = (
					"$(inherited)",
					"@executable_path/Frameworks",
					"@loader_path/Frameworks",
				);
				PRODUCT_BUNDLE_IDENTIFIER = com.snoware.terrace.ExampleUITests;
				PRODUCT_NAME = "$(TARGET_NAME)";
				SWIFT_VERSION = 4.2;
				TARGETED_DEVICE_FAMILY = "1,2";
				TEST_TARGET_NAME = Example;
			};
			name = Debug;
		};
		F6399C9E221E596000D2FF9D /* Release */ = {
			isa = XCBuildConfiguration;
			buildSettings = {
				ALWAYS_EMBED_SWIFT_STANDARD_LIBRARIES = YES;
				CODE_SIGN_STYLE = Automatic;
				INFOPLIST_FILE = ExampleUITests/Info.plist;
				LD_RUNPATH_SEARCH_PATHS = (
					"$(inherited)",
					"@executable_path/Frameworks",
					"@loader_path/Frameworks",
				);
				PRODUCT_BUNDLE_IDENTIFIER = com.snoware.terrace.ExampleUITests;
				PRODUCT_NAME = "$(TARGET_NAME)";
				SWIFT_VERSION = 4.2;
				TARGETED_DEVICE_FAMILY = "1,2";
				TEST_TARGET_NAME = Example;
			};
			name = Release;
		};
/* End XCBuildConfiguration section */

/* Begin XCConfigurationList section */
		F6399C69221E595E00D2FF9D /* Build configuration list for PBXProject "Example" */ = {
			isa = XCConfigurationList;
			buildConfigurations = (
				F6399C94221E596000D2FF9D /* Debug */,
				F6399C95221E596000D2FF9D /* Release */,
			);
			defaultConfigurationIsVisible = 0;
			defaultConfigurationName = Release;
		};
		F6399C96221E596000D2FF9D /* Build configuration list for PBXNativeTarget "Example" */ = {
			isa = XCConfigurationList;
			buildConfigurations = (
				F6399C97221E596000D2FF9D /* Debug */,
				F6399C98221E596000D2FF9D /* Release */,
			);
			defaultConfigurationIsVisible = 0;
			defaultConfigurationName = Release;
		};
		F6399C99221E596000D2FF9D /* Build configuration list for PBXNativeTarget "ExampleTests" */ = {
			isa = XCConfigurationList;
			buildConfigurations = (
				F6399C9A221E596000D2FF9D /* Debug */,
				F6399C9B221E596000D2FF9D /* Release */,
			);
			defaultConfigurationIsVisible = 0;
			defaultConfigurationName = Release;
		};
		F6399C9C221E596000D2FF9D /* Build configuration list for PBXNativeTarget "ExampleUITests" */ = {
			isa = XCConfigurationList;
			buildConfigurations = (
				F6399C9D221E596000D2FF9D /* Debug */,
				F6399C9E221E596000D2FF9D /* Release */,
			);
			defaultConfigurationIsVisible = 0;
			defaultConfigurationName = Release;
		};
/* End XCConfigurationList section */
	};
	rootObject = F6399C66221E595E00D2FF9D /* Project object */;
}
